
Microsoft Visual Studio Solution File, Format Version 12.00
# Visual Studio Version 17
VisualStudioVersion = 17.11.35327.3
MinimumVisualStudioVersion = 10.0.40219.1
Project("{13B669BE-BB05-4DDF-9536-439F39A36129}") = "PHPWebProject1", "PHPWebProject1.phpproj", "{C37D7E7B-3E79-4D39-B541-643DA4A203AA}"
EndProject
Global
	GlobalSection(SolutionConfigurationPlatforms) = preSolution
		Debug|Any CPU = Debug|Any CPU
		Release|Any CPU = Release|Any CPU
	EndGlobalSection
	GlobalSection(ProjectConfigurationPlatforms) = postSolution
		{C37D7E7B-3E79-4D39-B541-643DA4A203AA}.Debug|Any CPU.ActiveCfg = Debug|Any CPU
		{C37D7E7B-3E79-4D39-B541-643DA4A203AA}.Debug|Any CPU.Build.0 = Debug|Any CPU
		{C37D7E7B-3E79-4D39-B541-643DA4A203AA}.Release|Any CPU.ActiveCfg = Release|Any CPU
		{C37D7E7B-3E79-4D39-B541-643DA4A203AA}.Release|Any CPU.Build.0 = Release|Any CPU
	EndGlobalSection
	GlobalSection(SolutionProperties) = preSolution
		HideSolutionNode = FALSE
	EndGlobalSection
	GlobalSection(ExtensibilityGlobals) = postSolution
		SolutionGuid = {E2A61A3C-D78A-44A3-A081-B3AC53FA5052}
	EndGlobalSection
EndGlobal
